
Microsoft Visual Studio Solution File, Format Version 12.00
# Visual Studio Version 17
VisualStudioVersion = 17.14.37531.7 d17.14
MinimumVisualStudioVersion = 10.0.40219.1
Project("{FAE04EC0-301F-11D3-BF4B-00C04F79EFBC}") = "Utilla", "Utilla.csproj", "{278A2D28-9755-4CD6-BD9E-600900035B3B}"
EndProject
Global
	GlobalSection(SolutionConfigurationPlatforms) = preSolution
		Build|x64 = Build|x64
	EndGlobalSection
	GlobalSection(ProjectConfigurationPlatforms) = postSolution
		{278A2D28-9755-4CD6-BD9E-600900035B3B}.Build|x64.ActiveCfg = Release|x64
		{278A2D28-9755-4CD6-BD9E-600900035B3B}.Build|x64.Build.0 = Release|x64
	EndGlobalSection
	GlobalSection(SolutionProperties) = preSolution
		HideSolutionNode = FALSE
	EndGlobalSection
	GlobalSection(ExtensibilityGlobals) = postSolution
		SolutionGuid = {CB547B86-8115-4257-A959-482CD95B03CC}
	EndGlobalSection
EndGlobal
